
Microsoft Visual Studio Solution File, Format Version 12.00
# Visual Studio 15
VisualStudioVersion = 15.0.28307.329
MinimumVisualStudioVersion = 10.0.40219.1
Project("{FAE04EC0-301F-11D3-BF4B-00C04F79EFBC}") = "EFPlus", "EFPlus\EFPlus.csproj", "{6BDEB45A-09D4-4C21-B60D-2EA96950AD2D}"
EndProject
Global
	GlobalSection(SolutionConfigurationPlatforms) = preSolution
		Debug|Any CPU = Debug|Any CPU
		Release|Any CPU = Release|Any CPU
	EndGlobalSection
	GlobalSection(ProjectConfigurationPlatforms) = postSolution
		{6BDEB45A-09D4-4C21-B60D-2EA96950AD2D}.Debug|Any CPU.ActiveCfg = Debug|Any CPU
		{6BDEB45A-09D4-4C21-B60D-2EA96950AD2D}.Debug|Any CPU.Build.0 = Debug|Any CPU
		{6BDEB45A-09D4-4C21-B60D-2EA96950AD2D}.Release|Any CPU.ActiveCfg = Release|Any CPU
		{6BDEB45A-09D4-4C21-B60D-2EA96950AD2D}.Release|Any CPU.Build.0 = Release|Any CPU
	EndGlobalSection
	GlobalSection(SolutionProperties) = preSolution
		HideSolutionNode = FALSE
	EndGlobalSection
	GlobalSection(ExtensibilityGlobals) = postSolution
		SolutionGuid = {C9D73135-DD0E-4D6F-8F50-7CF168B89F07}
	EndGlobalSection
EndGlobal
